
Microsoft Visual Studio Solution File, Format Version 12.00
# Visual Studio Version 17
VisualStudioVersion = 17.4.32804.182
MinimumVisualStudioVersion = 10.0.40219.1
Project("{9A19103F-16F7-4668-BE54-9A1E7A4F7556}") = "Http3Parts", "src\Http3Parts\Http3Parts.csproj", "{D9D2BE68-F1BE-4485-BF6B-2DDBC1398E5C}"
EndProject
Project("{9A19103F-16F7-4668-BE54-9A1E7A4F7556}") = "Http3Parts.Tests", "tests\Http3Parts.Tests\Http3Parts.Tests.csproj", "{37534784-C7CC-47DA-9E38-16BD94C5AD60}"
EndProject
Project("{9A19103F-16F7-4668-BE54-9A1E7A4F7556}") = "TestWebApplication", "tests\TestWebApplication\TestWebApplication.csproj", "{BC1422AE-8253-4CC7-A027-1756A80E6147}"
EndProject
Project("{9A19103F-16F7-4668-BE54-9A1E7A4F7556}") = "CHttp", "src\CHttp\CHttp.csproj", "{5A545922-2FCD-46D0-9BB1-83EFE33F9900}"
EndProject
Project("{9A19103F-16F7-4668-BE54-9A1E7A4F7556}") = "CHttp.Tests", "tests\CHttp.Tests\CHttp.Tests.csproj", "{D5C74B2D-AD90-4A4B-80D7-584450753A5F}"
EndProject
Project("{9A19103F-16F7-4668-BE54-9A1E7A4F7556}") = "CHttp.Benchmarks", "tests\CHttp.Benchmarks\CHttp.Benchmarks.csproj", "{F05F3667-9DC6-45B5-A008-EA0528E86323}"
EndProject
Project("{9A19103F-16F7-4668-BE54-9A1E7A4F7556}") = "TestWebApplication.Tests", "tests\TestWebApplication.Tests\TestWebApplication.Tests.csproj", "{5FD901B2-FACD-4A35-93EF-86B54F91FEE8}"
EndProject
Project("{9A19103F-16F7-4668-BE54-9A1E7A4F7556}") = "CHttpExtension", "src\CHttpExtension\CHttpExtension.csproj", "{772FF08A-61F3-4C0B-9664-B4CF2C395597}"
EndProject
Project("{9A19103F-16F7-4668-BE54-9A1E7A4F7556}") = "CHttpExecutor", "src\CHttpExecutor\CHttpExecutor.csproj", "{BDD7D787-2731-4927-83ED-C0FB2D369691}"
EndProject
Project("{9A19103F-16F7-4668-BE54-9A1E7A4F7556}") = "CHttpExecutor.Tests", "tests\CHttpExecutor.Tests\CHttpExecutor.Tests.csproj", "{5D24AD8A-FFE0-4023-B7FE-02811336F946}"
EndProject
Project("{2150E333-8FDC-42A3-9474-1A3956D46DE8}") = "Server", "Server", "{3058D078-6005-44F8-929D-C42CF343903D}"
EndProject
Project("{FAE04EC0-301F-11D3-BF4B-00C04F79EFBC}") = "TestCHttpServerApplication", "src\CHttpServer\TestCHttpServerApplication\TestCHttpServerApplication.csproj", "{AC32247C-B8A0-4ECE-BA5B-F197AC8042F9}"
EndProject
Project("{FAE04EC0-301F-11D3-BF4B-00C04F79EFBC}") = "CHttpServer", "CHttpServer\CHttpServer.csproj", "{4F942742-1A61-4B96-B798-B37162375355}"
EndProject
Global
	GlobalSection(SolutionConfigurationPlatforms) = preSolution
		Debug|Any CPU = Debug|Any CPU
		Release|Any CPU = Release|Any CPU
	EndGlobalSection
	GlobalSection(ProjectConfigurationPlatforms) = postSolution
		{D9D2BE68-F1BE-4485-BF6B-2DDBC1398E5C}.Debug|Any CPU.ActiveCfg = Debug|Any CPU
		{D9D2BE68-F1BE-4485-BF6B-2DDBC1398E5C}.Debug|Any CPU.Build.0 = Debug|Any CPU
		{D9D2BE68-F1BE-4485-BF6B-2DDBC1398E5C}.Release|Any CPU.ActiveCfg = Release|Any CPU
		{D9D2BE68-F1BE-4485-BF6B-2DDBC1398E5C}.Release|Any CPU.Build.0 = Release|Any CPU
		{37534784-C7CC-47DA-9E38-16BD94C5AD60}.Debug|Any CPU.ActiveCfg = Debug|Any CPU
		{37534784-C7CC-47DA-9E38-16BD94C5AD60}.Debug|Any CPU.Build.0 = Debug|Any CPU
		{37534784-C7CC-47DA-9E38-16BD94C5AD60}.Release|Any CPU.ActiveCfg = Release|Any CPU
		{37534784-C7CC-47DA-9E38-16BD94C5AD60}.Release|Any CPU.Build.0 = Release|Any CPU
		{BC1422AE-8253-4CC7-A027-1756A80E6147}.Debug|Any CPU.ActiveCfg = Debug|Any CPU
		{BC1422AE-8253-4CC7-A027-1756A80E6147}.Debug|Any CPU.Build.0 = Debug|Any CPU
		{BC1422AE-8253-4CC7-A027-1756A80E6147}.Release|Any CPU.ActiveCfg = Release|Any CPU
		{BC1422AE-8253-4CC7-A027-1756A80E6147}.Release|Any CPU.Build.0 = Release|Any CPU
		{5A545922-2FCD-46D0-9BB1-83EFE33F9900}.Debug|Any CPU.ActiveCfg = Debug|Any CPU
		{5A545922-2FCD-46D0-9BB1-83EFE33F9900}.Debug|Any CPU.Build.0 = Debug|Any CPU
		{5A545922-2FCD-46D0-9BB1-83EFE33F9900}.Release|Any CPU.ActiveCfg = Release|Any CPU
		{5A545922-2FCD-46D0-9BB1-83EFE33F9900}.Release|Any CPU.Build.0 = Release|Any CPU
		{D5C74B2D-AD90-4A4B-80D7-584450753A5F}.Debug|Any CPU.ActiveCfg = Debug|Any CPU
		{D5C74B2D-AD90-4A4B-80D7-584450753A5F}.Debug|Any CPU.Build.0 = Debug|Any CPU
		{D5C74B2D-AD90-4A4B-80D7-584450753A5F}.Release|Any CPU.ActiveCfg = Release|Any CPU
		{D5C74B2D-AD90-4A4B-80D7-584450753A5F}.Release|Any CPU.Build.0 = Release|Any CPU
		{F05F3667-9DC6-45B5-A008-EA0528E86323}.Debug|Any CPU.ActiveCfg = Debug|Any CPU
		{F05F3667-9DC6-45B5-A008-EA0528E86323}.Debug|Any CPU.Build.0 = Debug|Any CPU
		{F05F3667-9DC6-45B5-A008-EA0528E86323}.Release|Any CPU.ActiveCfg = Release|Any CPU
		{F05F3667-9DC6-45B5-A008-EA0528E86323}.Release|Any CPU.Build.0 = Release|Any CPU
		{5FD901B2-FACD-4A35-93EF-86B54F91FEE8}.Debug|Any CPU.ActiveCfg = Debug|Any CPU
		{5FD901B2-FACD-4A35-93EF-86B54F91FEE8}.Debug|Any CPU.Build.0 = Debug|Any CPU
		{5FD901B2-FACD-4A35-93EF-86B54F91FEE8}.Release|Any CPU.ActiveCfg = Release|Any CPU
		{5FD901B2-FACD-4A35-93EF-86B54F91FEE8}.Release|Any CPU.Build.0 = Release|Any CPU
		{772FF08A-61F3-4C0B-9664-B4CF2C395597}.Debug|Any CPU.ActiveCfg = Debug|Any CPU
		{772FF08A-61F3-4C0B-9664-B4CF2C395597}.Debug|Any CPU.Build.0 = Debug|Any CPU
		{772FF08A-61F3-4C0B-9664-B4CF2C395597}.Release|Any CPU.ActiveCfg = Release|Any CPU
		{772FF08A-61F3-4C0B-9664-B4CF2C395597}.Release|Any CPU.Build.0 = Release|Any CPU
		{BDD7D787-2731-4927-83ED-C0FB2D369691}.Debug|Any CPU.ActiveCfg = Debug|Any CPU
		{BDD7D787-2731-4927-83ED-C0FB2D369691}.Debug|Any CPU.Build.0 = Debug|Any CPU
		{BDD7D787-2731-4927-83ED-C0FB2D369691}.Release|Any CPU.ActiveCfg = Release|Any CPU
		{BDD7D787-2731-4927-83ED-C0FB2D369691}.Release|Any CPU.Build.0 = Release|Any CPU
		{5D24AD8A-FFE0-4023-B7FE-02811336F946}.Debug|Any CPU.ActiveCfg = Debug|Any CPU
		{5D24AD8A-FFE0-4023-B7FE-02811336F946}.Debug|Any CPU.Build.0 = Debug|Any CPU
		{5D24AD8A-FFE0-4023-B7FE-02811336F946}.Release|Any CPU.ActiveCfg = Release|Any CPU
		{5D24AD8A-FFE0-4023-B7FE-02811336F946}.Release|Any CPU.Build.0 = Release|Any CPU
		{AC32247C-B8A0-4ECE-BA5B-F197AC8042F9}.Debug|Any CPU.ActiveCfg = Debug|Any CPU
		{AC32247C-B8A0-4ECE-BA5B-F197AC8042F9}.Debug|Any CPU.Build.0 = Debug|Any CPU
		{AC32247C-B8A0-4ECE-BA5B-F197AC8042F9}.Release|Any CPU.ActiveCfg = Release|Any CPU
		{AC32247C-B8A0-4ECE-BA5B-F197AC8042F9}.Release|Any CPU.Build.0 = Release|Any CPU
		{4F942742-1A61-4B96-B798-B37162375355}.Debug|Any CPU.ActiveCfg = Debug|Any CPU
		{4F942742-1A61-4B96-B798-B37162375355}.Debug|Any CPU.Build.0 = Debug|Any CPU
		{4F942742-1A61-4B96-B798-B37162375355}.Release|Any CPU.ActiveCfg = Release|Any CPU
		{4F942742-1A61-4B96-B798-B37162375355}.Release|Any CPU.Build.0 = Release|Any CPU
	EndGlobalSection
	GlobalSection(SolutionProperties) = preSolution
		HideSolutionNode = FALSE
	EndGlobalSection
	GlobalSection(NestedProjects) = preSolution
		{AC32247C-B8A0-4ECE-BA5B-F197AC8042F9} = {3058D078-6005-44F8-929D-C42CF343903D}
		{4F942742-1A61-4B96-B798-B37162375355} = {3058D078-6005-44F8-929D-C42CF343903D}
	EndGlobalSection
	GlobalSection(ExtensibilityGlobals) = postSolution
		SolutionGuid = {E8352F3F-FBF3-4E2C-AEE3-5E03AF2BEAE3}
	EndGlobalSection
EndGlobal
