
Microsoft Visual Studio Solution File, Format Version 12.00
# Visual Studio Version 17
VisualStudioVersion = 17.4.32804.182
MinimumVisualStudioVersion = 10.0.40219.1
Project("{9A19103F-16F7-4668-BE54-9A1E7A4F7556}") = "Http3Repl", "src\Http3Repl\Http3Repl.csproj", "{D9D2BE68-F1BE-4485-BF6B-2DDBC1398E5C}"
EndProject
Project("{9A19103F-16F7-4668-BE54-9A1E7A4F7556}") = "Http3Repl.Tests", "tests\Http3Repl.Tests\Http3Repl.Tests.csproj", "{37534784-C7CC-47DA-9E38-16BD94C5AD60}"
EndProject
Project("{9A19103F-16F7-4668-BE54-9A1E7A4F7556}") = "TestWebApplication", "tests\TestWebApplication\TestWebApplication.csproj", "{BC1422AE-8253-4CC7-A027-1756A80E6147}"
EndProject
Project("{9A19103F-16F7-4668-BE54-9A1E7A4F7556}") = "CHttp", "src\CHttp\CHttp.csproj", "{5A545922-2FCD-46D0-9BB1-83EFE33F9900}"
EndProject
Project("{9A19103F-16F7-4668-BE54-9A1E7A4F7556}") = "CHttp.Tests", "tests\CHttp.Tests\CHttp.Tests.csproj", "{D5C74B2D-AD90-4A4B-80D7-584450753A5F}"
EndProject
Project("{FAE04EC0-301F-11D3-BF4B-00C04F79EFBC}") = "CHttp.Benchmarks", "tests\CHttp.Benchmarks\CHttp.Benchmarks.csproj", "{F05F3667-9DC6-45B5-A008-EA0528E86323}"
EndProject
Global
	GlobalSection(SolutionConfigurationPlatforms) = preSolution
		Debug|Any CPU = Debug|Any CPU
		Release|Any CPU = Release|Any CPU
	EndGlobalSection
	GlobalSection(ProjectConfigurationPlatforms) = postSolution
		{D9D2BE68-F1BE-4485-BF6B-2DDBC1398E5C}.Debug|Any CPU.ActiveCfg = Debug|Any CPU
		{D9D2BE68-F1BE-4485-BF6B-2DDBC1398E5C}.Debug|Any CPU.Build.0 = Debug|Any CPU
		{D9D2BE68-F1BE-4485-BF6B-2DDBC1398E5C}.Release|Any CPU.ActiveCfg = Release|Any CPU
		{D9D2BE68-F1BE-4485-BF6B-2DDBC1398E5C}.Release|Any CPU.Build.0 = Release|Any CPU
		{37534784-C7CC-47DA-9E38-16BD94C5AD60}.Debug|Any CPU.ActiveCfg = Debug|Any CPU
		{37534784-C7CC-47DA-9E38-16BD94C5AD60}.Debug|Any CPU.Build.0 = Debug|Any CPU
		{37534784-C7CC-47DA-9E38-16BD94C5AD60}.Release|Any CPU.ActiveCfg = Release|Any CPU
		{37534784-C7CC-47DA-9E38-16BD94C5AD60}.Release|Any CPU.Build.0 = Release|Any CPU
		{BC1422AE-8253-4CC7-A027-1756A80E6147}.Debug|Any CPU.ActiveCfg = Debug|Any CPU
		{BC1422AE-8253-4CC7-A027-1756A80E6147}.Debug|Any CPU.Build.0 = Debug|Any CPU
		{BC1422AE-8253-4CC7-A027-1756A80E6147}.Release|Any CPU.ActiveCfg = Release|Any CPU
		{BC1422AE-8253-4CC7-A027-1756A80E6147}.Release|Any CPU.Build.0 = Release|Any CPU
		{5A545922-2FCD-46D0-9BB1-83EFE33F9900}.Debug|Any CPU.ActiveCfg = Debug|Any CPU
		{5A545922-2FCD-46D0-9BB1-83EFE33F9900}.Debug|Any CPU.Build.0 = Debug|Any CPU
		{5A545922-2FCD-46D0-9BB1-83EFE33F9900}.Release|Any CPU.ActiveCfg = Release|Any CPU
		{5A545922-2FCD-46D0-9BB1-83EFE33F9900}.Release|Any CPU.Build.0 = Release|Any CPU
		{D5C74B2D-AD90-4A4B-80D7-584450753A5F}.Debug|Any CPU.ActiveCfg = Debug|Any CPU
		{D5C74B2D-AD90-4A4B-80D7-584450753A5F}.Debug|Any CPU.Build.0 = Debug|Any CPU
		{D5C74B2D-AD90-4A4B-80D7-584450753A5F}.Release|Any CPU.ActiveCfg = Release|Any CPU
		{D5C74B2D-AD90-4A4B-80D7-584450753A5F}.Release|Any CPU.Build.0 = Release|Any CPU
		{F05F3667-9DC6-45B5-A008-EA0528E86323}.Debug|Any CPU.ActiveCfg = Debug|Any CPU
		{F05F3667-9DC6-45B5-A008-EA0528E86323}.Debug|Any CPU.Build.0 = Debug|Any CPU
		{F05F3667-9DC6-45B5-A008-EA0528E86323}.Release|Any CPU.ActiveCfg = Release|Any CPU
		{F05F3667-9DC6-45B5-A008-EA0528E86323}.Release|Any CPU.Build.0 = Release|Any CPU
	EndGlobalSection
	GlobalSection(SolutionProperties) = preSolution
		HideSolutionNode = FALSE
	EndGlobalSection
	GlobalSection(ExtensibilityGlobals) = postSolution
		SolutionGuid = {E8352F3F-FBF3-4E2C-AEE3-5E03AF2BEAE3}
	EndGlobalSection
EndGlobal
